
Microsoft Visual Studio Solution File, Format Version 12.00
# Visual Studio Version 17
VisualStudioVersion = 17.4.33403.182
MinimumVisualStudioVersion = 10.0.40219.1
Project("{9A19103F-16F7-4668-BE54-9A1E7A4F7556}") = "StoreFix", "retrospy_store_fix\StoreFix.csproj", "{D0FC277F-C670-4710-B376-C5419FDCD358}"
EndProject
Global
	GlobalSection(SolutionConfigurationPlatforms) = preSolution
		Debug|Any CPU = Debug|Any CPU
		Release|Any CPU = Release|Any CPU
	EndGlobalSection
	GlobalSection(ProjectConfigurationPlatforms) = postSolution
		{D0FC277F-C670-4710-B376-C5419FDCD358}.Debug|Any CPU.ActiveCfg = Debug|Any CPU
		{D0FC277F-C670-4710-B376-C5419FDCD358}.Debug|Any CPU.Build.0 = Debug|Any CPU
		{D0FC277F-C670-4710-B376-C5419FDCD358}.Release|Any CPU.ActiveCfg = Release|Any CPU
		{D0FC277F-C670-4710-B376-C5419FDCD358}.Release|Any CPU.Build.0 = Release|Any CPU
	EndGlobalSection
	GlobalSection(SolutionProperties) = preSolution
		HideSolutionNode = FALSE
	EndGlobalSection
	GlobalSection(ExtensibilityGlobals) = postSolution
		SolutionGuid = {69C436BC-062D-4148-A3CD-D0B89A26C792}
	EndGlobalSection
EndGlobal
